
Microsoft Visual Studio Solution File, Format Version 12.00
# Visual Studio Version 16
VisualStudioVersion = 16.0.31613.86
MinimumVisualStudioVersion = 10.0.40219.1
Project("{FAE04EC0-301F-11D3-BF4B-00C04F79EFBC}") = "Karcher_HelloWorld", "Karcher_HelloWorld.csproj", "{575F3F3F-58C2-4801-862E-417B3E6BF148}"
EndProject
Global
	GlobalSection(SolutionConfigurationPlatforms) = preSolution
		Debug|Any CPU = Debug|Any CPU
		Release|Any CPU = Release|Any CPU
	EndGlobalSection
	GlobalSection(ProjectConfigurationPlatforms) = postSolution
		{575F3F3F-58C2-4801-862E-417B3E6BF148}.Debug|Any CPU.ActiveCfg = Debug|Any CPU
		{575F3F3F-58C2-4801-862E-417B3E6BF148}.Debug|Any CPU.Build.0 = Debug|Any CPU
		{575F3F3F-58C2-4801-862E-417B3E6BF148}.Release|Any CPU.ActiveCfg = Release|Any CPU
		{575F3F3F-58C2-4801-862E-417B3E6BF148}.Release|Any CPU.Build.0 = Release|Any CPU
	EndGlobalSection
	GlobalSection(SolutionProperties) = preSolution
		HideSolutionNode = FALSE
	EndGlobalSection
	GlobalSection(ExtensibilityGlobals) = postSolution
		SolutionGuid = {BEE902BA-1F26-4C80-89FB-48862A9D70C8}
	EndGlobalSection
EndGlobal
